
Microsoft Visual Studio Solution File, Format Version 12.00
# Visual Studio 14
VisualStudioVersion = 14.0.25420.1
MinimumVisualStudioVersion = 10.0.40219.1
Project("{FAE04EC0-301F-11D3-BF4B-00C04F79EFBC}") = "LINQ.cs", "LINQ.cs\LINQ.cs.csproj", "{87AD5E48-BF6E-48A2-BB18-F982A3590404}"
EndProject
Global
	GlobalSection(SolutionConfigurationPlatforms) = preSolution
		Debug|Any CPU = Debug|Any CPU
		Release|Any CPU = Release|Any CPU
	EndGlobalSection
	GlobalSection(ProjectConfigurationPlatforms) = postSolution
		{87AD5E48-BF6E-48A2-BB18-F982A3590404}.Debug|Any CPU.ActiveCfg = Debug|Any CPU
		{87AD5E48-BF6E-48A2-BB18-F982A3590404}.Debug|Any CPU.Build.0 = Debug|Any CPU
		{87AD5E48-BF6E-48A2-BB18-F982A3590404}.Release|Any CPU.ActiveCfg = Release|Any CPU
		{87AD5E48-BF6E-48A2-BB18-F982A3590404}.Release|Any CPU.Build.0 = Release|Any CPU
	EndGlobalSection
	GlobalSection(SolutionProperties) = preSolution
		HideSolutionNode = FALSE
	EndGlobalSection
EndGlobal
